
Microsoft Visual Studio Solution File, Format Version 12.00
# Visual Studio Version 17
VisualStudioVersion = 17.0.31903.59
MinimumVisualStudioVersion = 10.0.40219.1
Project("{FAE04EC0-301F-11D3-BF4B-00C04F79EFBC}") = "SQLeal", "SQLeal\SQLeal.csproj", "{D28EE30D-32D5-4DFE-9C0B-FF262ED74829}"
EndProject
Project("{FAE04EC0-301F-11D3-BF4B-00C04F79EFBC}") = "SQLeal.Compiler", "SQLeal.Compiler\SQLeal.Compiler.csproj", "{810DDA68-7CAF-41D2-BA56-781C2E630A86}"
EndProject
Project("{FAE04EC0-301F-11D3-BF4B-00C04F79EFBC}") = "SQLeal.Tests", "SQLeal.Tests\SQLeal.Tests.csproj", "{00CD0FEF-123B-431A-AA89-7B7C0B913411}"
EndProject
Global
	GlobalSection(SolutionConfigurationPlatforms) = preSolution
		Debug|Any CPU = Debug|Any CPU
		Release|Any CPU = Release|Any CPU
	EndGlobalSection
	GlobalSection(SolutionProperties) = preSolution
		HideSolutionNode = FALSE
	EndGlobalSection
	GlobalSection(ProjectConfigurationPlatforms) = postSolution
		{D28EE30D-32D5-4DFE-9C0B-FF262ED74829}.Debug|Any CPU.ActiveCfg = Debug|Any CPU
		{D28EE30D-32D5-4DFE-9C0B-FF262ED74829}.Debug|Any CPU.Build.0 = Debug|Any CPU
		{D28EE30D-32D5-4DFE-9C0B-FF262ED74829}.Release|Any CPU.ActiveCfg = Release|Any CPU
		{D28EE30D-32D5-4DFE-9C0B-FF262ED74829}.Release|Any CPU.Build.0 = Release|Any CPU
		{810DDA68-7CAF-41D2-BA56-781C2E630A86}.Debug|Any CPU.ActiveCfg = Debug|Any CPU
		{810DDA68-7CAF-41D2-BA56-781C2E630A86}.Debug|Any CPU.Build.0 = Debug|Any CPU
		{810DDA68-7CAF-41D2-BA56-781C2E630A86}.Release|Any CPU.ActiveCfg = Release|Any CPU
		{810DDA68-7CAF-41D2-BA56-781C2E630A86}.Release|Any CPU.Build.0 = Release|Any CPU
		{00CD0FEF-123B-431A-AA89-7B7C0B913411}.Debug|Any CPU.ActiveCfg = Debug|Any CPU
		{00CD0FEF-123B-431A-AA89-7B7C0B913411}.Debug|Any CPU.Build.0 = Debug|Any CPU
		{00CD0FEF-123B-431A-AA89-7B7C0B913411}.Release|Any CPU.ActiveCfg = Release|Any CPU
		{00CD0FEF-123B-431A-AA89-7B7C0B913411}.Release|Any CPU.Build.0 = Release|Any CPU
	EndGlobalSection
EndGlobal
